PODS:
  - dowplay (0.0.4):
    - Flutter
  - Flutter (1.0.0)

DEPENDENCIES:
  - dowplay (from `.symlinks/plugins/dowplay/ios`)
  - Flutter (from `Flutter`)

EXTERNAL SOURCES:
  dowplay:
    :path: ".symlinks/plugins/dowplay/ios"
  Flutter:
    :path: Flutter

SPEC CHECKSUMS:
  dowplay: b533dcd38f788ffd6a93585e7d0b545b83d6b1cd
  Flutter: cabc95a1d2626b1b06e7179b784ebcf0c0cde467

PODFILE CHECKSUM: 57c8aed26fba39d3ec9424816221f294a07c58eb

COCOAPODS: 1.16.2
